{
  "name": "strictspec-spike-toml-eslint-parser",
  "version": "0.0.0",
  "lockfileVersion": 3,
  "requires": true,
  "packages": {
    "": {
      "name": "strictspec-spike-toml-eslint-parser",
      "version": "0.0.0",
      "dependencies": {
        "toml-eslint-parser": "^1.0.3"
      }
    },
    "node_modules/eslint-visitor-keys": {
      "version": "5.0.1",
      "resolved": "https://registry.npmjs.org/eslint-visitor-keys/-/eslint-visitor-keys-5.0.1.tgz",
      "integrity": "sha512-tD40eHxA35h0PEIZNeIjkHoDR4YjjJp34biM0mDvplBe//mB+IHCqHDGV7pxF+7MklTvighcCPPZC7ynWyjdTA==",
      "license": "Apache-2.0",
      "engines": {
        "node": "^20.19.0 || ^22.13.0 || >=24"
      },
      "funding": {
        "url": "https://opencollective.com/eslint"
      }
    },
    "node_modules/toml-eslint-parser": {
      "version": "1.0.3",
      "resolved": "https://registry.npmjs.org/toml-eslint-parser/-/toml-eslint-parser-1.0.3.tgz",
      "integrity": "sha512-A5F0cM6+mDleacLIEUkmfpkBbnHJFV1d2rprHU2MXNk7mlxHq2zGojA+SRvQD1RoMo9gqjZPWEaKG4v1BQ48lw==",
      "license": "MIT",
      "dependencies": {
        "eslint-visitor-keys": "^5.0.0"
      },
      "engines": {
        "node": "^20.19.0 || ^22.13.0 || >=24"
      },
      "funding": {
        "url": "https://github.com/sponsors/ota-meshi"
      }
    }
  }
}
